
Microsoft Visual Studio Solution File, Format Version 12.00
Project("{FAE04EC0-301F-11D3-BF4B-00C04F79EFBC}") = "Auction.API", "Auction.API\Auction.API.csproj", "{996E56E8-2301-4007-8BA3-FAA8049F6ACC}"
EndProject
Project("{2150E333-8FDC-42A3-9474-1A3956D46DE8}") = "SolutionFiles", "SolutionFiles", "{25DD2AB2-7710-4671-AD65-F7D7A200377E}"
	ProjectSection(SolutionItems) = preProject
		.gitignore = .gitignore
		Dockerfile = Dockerfile
		.dockerignore = .dockerignore
		NuGet.Config = NuGet.Config
	EndProjectSection
EndProject
Project("{FAE04EC0-301F-11D3-BF4B-00C04F79EFBC}") = "Auction.DL", "Auction.DL\Auction.DL.csproj", "{A51AA191-A663-4D1F-AC27-6BD96D8C5C53}"
EndProject
Project("{FAE04EC0-301F-11D3-BF4B-00C04F79EFBC}") = "Auction.BL", "Auction.BL\Auction.BL.csproj", "{C0A6ADB5-0AF6-41BE-9B5C-DC07DB43235E}"
EndProject
Project("{FAE04EC0-301F-11D3-BF4B-00C04F79EFBC}") = "Auction.Common", "Auction.Common\Auction.Common.csproj", "{596FDA21-B215-40FA-8AF0-9C8F0256E4C1}"
EndProject
Global
	GlobalSection(SolutionConfigurationPlatforms) = preSolution
		Debug|Any CPU = Debug|Any CPU
		Release|Any CPU = Release|Any CPU
	EndGlobalSection
	GlobalSection(ProjectConfigurationPlatforms) = postSolution
		{996E56E8-2301-4007-8BA3-FAA8049F6ACC}.Debug|Any CPU.ActiveCfg = Debug|Any CPU
		{996E56E8-2301-4007-8BA3-FAA8049F6ACC}.Debug|Any CPU.Build.0 = Debug|Any CPU
		{996E56E8-2301-4007-8BA3-FAA8049F6ACC}.Release|Any CPU.ActiveCfg = Release|Any CPU
		{996E56E8-2301-4007-8BA3-FAA8049F6ACC}.Release|Any CPU.Build.0 = Release|Any CPU
		{A51AA191-A663-4D1F-AC27-6BD96D8C5C53}.Debug|Any CPU.ActiveCfg = Debug|Any CPU
		{A51AA191-A663-4D1F-AC27-6BD96D8C5C53}.Debug|Any CPU.Build.0 = Debug|Any CPU
		{A51AA191-A663-4D1F-AC27-6BD96D8C5C53}.Release|Any CPU.ActiveCfg = Release|Any CPU
		{A51AA191-A663-4D1F-AC27-6BD96D8C5C53}.Release|Any CPU.Build.0 = Release|Any CPU
		{C0A6ADB5-0AF6-41BE-9B5C-DC07DB43235E}.Debug|Any CPU.ActiveCfg = Debug|Any CPU
		{C0A6ADB5-0AF6-41BE-9B5C-DC07DB43235E}.Debug|Any CPU.Build.0 = Debug|Any CPU
		{C0A6ADB5-0AF6-41BE-9B5C-DC07DB43235E}.Release|Any CPU.ActiveCfg = Release|Any CPU
		{C0A6ADB5-0AF6-41BE-9B5C-DC07DB43235E}.Release|Any CPU.Build.0 = Release|Any CPU
		{596FDA21-B215-40FA-8AF0-9C8F0256E4C1}.Debug|Any CPU.ActiveCfg = Debug|Any CPU
		{596FDA21-B215-40FA-8AF0-9C8F0256E4C1}.Debug|Any CPU.Build.0 = Debug|Any CPU
		{596FDA21-B215-40FA-8AF0-9C8F0256E4C1}.Release|Any CPU.ActiveCfg = Release|Any CPU
		{596FDA21-B215-40FA-8AF0-9C8F0256E4C1}.Release|Any CPU.Build.0 = Release|Any CPU
	EndGlobalSection
	GlobalSection(NestedProjects) = preSolution
	EndGlobalSection
EndGlobal
